
Microsoft Visual Studio Solution File, Format Version 12.00
# Visual Studio 15
VisualStudioVersion = 15.0.26124.0
MinimumVisualStudioVersion = 15.0.26124.0
Project("{FAE04EC0-301F-11D3-BF4B-00C04F79EFBC}") = "Snake.MapEditor.Api", "Snake.MapEditor.Api\Snake.MapEditor.Api.csproj", "{6877B3FA-6191-47A2-A26F-2B8D780471A1}"
EndProject
Project("{FAE04EC0-301F-11D3-BF4B-00C04F79EFBC}") = "Snake.MapEditor.Contracts", "Snake.MapEditor.Contracts\Snake.MapEditor.Contracts.csproj", "{41ABD2DA-4857-408E-A5AA-92D2A2069CA1}"
EndProject
Global
	GlobalSection(SolutionConfigurationPlatforms) = preSolution
		Debug|Any CPU = Debug|Any CPU
		Debug|x64 = Debug|x64
		Debug|x86 = Debug|x86
		Release|Any CPU = Release|Any CPU
		Release|x64 = Release|x64
		Release|x86 = Release|x86
	EndGlobalSection
	GlobalSection(SolutionProperties) = preSolution
		HideSolutionNode = FALSE
	EndGlobalSection
	GlobalSection(ProjectConfigurationPlatforms) = postSolution
		{6877B3FA-6191-47A2-A26F-2B8D780471A1}.Debug|Any CPU.ActiveCfg = Debug|Any CPU
		{6877B3FA-6191-47A2-A26F-2B8D780471A1}.Debug|Any CPU.Build.0 = Debug|Any CPU
		{6877B3FA-6191-47A2-A26F-2B8D780471A1}.Debug|x64.ActiveCfg = Debug|Any CPU
		{6877B3FA-6191-47A2-A26F-2B8D780471A1}.Debug|x64.Build.0 = Debug|Any CPU
		{6877B3FA-6191-47A2-A26F-2B8D780471A1}.Debug|x86.ActiveCfg = Debug|Any CPU
		{6877B3FA-6191-47A2-A26F-2B8D780471A1}.Debug|x86.Build.0 = Debug|Any CPU
		{6877B3FA-6191-47A2-A26F-2B8D780471A1}.Release|Any CPU.ActiveCfg = Release|Any CPU
		{6877B3FA-6191-47A2-A26F-2B8D780471A1}.Release|Any CPU.Build.0 = Release|Any CPU
		{6877B3FA-6191-47A2-A26F-2B8D780471A1}.Release|x64.ActiveCfg = Release|Any CPU
		{6877B3FA-6191-47A2-A26F-2B8D780471A1}.Release|x64.Build.0 = Release|Any CPU
		{6877B3FA-6191-47A2-A26F-2B8D780471A1}.Release|x86.ActiveCfg = Release|Any CPU
		{6877B3FA-6191-47A2-A26F-2B8D780471A1}.Release|x86.Build.0 = Release|Any CPU
		{41ABD2DA-4857-408E-A5AA-92D2A2069CA1}.Debug|Any CPU.ActiveCfg = Debug|Any CPU
		{41ABD2DA-4857-408E-A5AA-92D2A2069CA1}.Debug|Any CPU.Build.0 = Debug|Any CPU
		{41ABD2DA-4857-408E-A5AA-92D2A2069CA1}.Debug|x64.ActiveCfg = Debug|Any CPU
		{41ABD2DA-4857-408E-A5AA-92D2A2069CA1}.Debug|x64.Build.0 = Debug|Any CPU
		{41ABD2DA-4857-408E-A5AA-92D2A2069CA1}.Debug|x86.ActiveCfg = Debug|Any CPU
		{41ABD2DA-4857-408E-A5AA-92D2A2069CA1}.Debug|x86.Build.0 = Debug|Any CPU
		{41ABD2DA-4857-408E-A5AA-92D2A2069CA1}.Release|Any CPU.ActiveCfg = Release|Any CPU
		{41ABD2DA-4857-408E-A5AA-92D2A2069CA1}.Release|Any CPU.Build.0 = Release|Any CPU
		{41ABD2DA-4857-408E-A5AA-92D2A2069CA1}.Release|x64.ActiveCfg = Release|Any CPU
		{41ABD2DA-4857-408E-A5AA-92D2A2069CA1}.Release|x64.Build.0 = Release|Any CPU
		{41ABD2DA-4857-408E-A5AA-92D2A2069CA1}.Release|x86.ActiveCfg = Release|Any CPU
		{41ABD2DA-4857-408E-A5AA-92D2A2069CA1}.Release|x86.Build.0 = Release|Any CPU
	EndGlobalSection
EndGlobal
